
Microsoft Visual Studio Solution File, Format Version 12.00
# Visual Studio 15
VisualStudioVersion = 15.0.26124.0
MinimumVisualStudioVersion = 15.0.26124.0
Project("{2150E333-8FDC-42A3-9474-1A3956D46DE8}") = "src", "src", "{E0F2183E-4AE4-44F7-9517-A83617E75036}"
EndProject
Project("{2150E333-8FDC-42A3-9474-1A3956D46DE8}") = "Domain", "Domain", "{F4B9FF67-6605-4C50-8B8F-6B84456615FB}"
EndProject
Project("{FAE04EC0-301F-11D3-BF4B-00C04F79EFBC}") = "Ppdbr.Domain", "src\Domain\Ppdbr.Domain\Ppdbr.Domain.csproj", "{9CC9920E-07C5-404E-A267-36CD0E0371DB}"
EndProject
Project("{2150E333-8FDC-42A3-9474-1A3956D46DE8}") = "test", "test", "{5E2134E4-FE66-48B2-AD6A-BCFE7F6D8085}"
EndProject
Project("{2150E333-8FDC-42A3-9474-1A3956D46DE8}") = "Domain", "Domain", "{2A2DE637-678B-4649-AD02-099CCB743513}"
EndProject
Project("{FAE04EC0-301F-11D3-BF4B-00C04F79EFBC}") = "Ppdbar.DomainTests", "test\Domain\Ppdbar.DomainTests\Ppdbar.DomainTests.csproj", "{8B1E8F5B-7256-4030-B813-315E9373511B}"
EndProject
Global
	GlobalSection(SolutionConfigurationPlatforms) = preSolution
		Debug|Any CPU = Debug|Any CPU
		Debug|x64 = Debug|x64
		Debug|x86 = Debug|x86
		Release|Any CPU = Release|Any CPU
		Release|x64 = Release|x64
		Release|x86 = Release|x86
	EndGlobalSection
	GlobalSection(SolutionProperties) = preSolution
		HideSolutionNode = FALSE
	EndGlobalSection
	GlobalSection(ProjectConfigurationPlatforms) = postSolution
		{9CC9920E-07C5-404E-A267-36CD0E0371DB}.Debug|Any CPU.ActiveCfg = Debug|Any CPU
		{9CC9920E-07C5-404E-A267-36CD0E0371DB}.Debug|Any CPU.Build.0 = Debug|Any CPU
		{9CC9920E-07C5-404E-A267-36CD0E0371DB}.Debug|x64.ActiveCfg = Debug|Any CPU
		{9CC9920E-07C5-404E-A267-36CD0E0371DB}.Debug|x64.Build.0 = Debug|Any CPU
		{9CC9920E-07C5-404E-A267-36CD0E0371DB}.Debug|x86.ActiveCfg = Debug|Any CPU
		{9CC9920E-07C5-404E-A267-36CD0E0371DB}.Debug|x86.Build.0 = Debug|Any CPU
		{9CC9920E-07C5-404E-A267-36CD0E0371DB}.Release|Any CPU.ActiveCfg = Release|Any CPU
		{9CC9920E-07C5-404E-A267-36CD0E0371DB}.Release|Any CPU.Build.0 = Release|Any CPU
		{9CC9920E-07C5-404E-A267-36CD0E0371DB}.Release|x64.ActiveCfg = Release|Any CPU
		{9CC9920E-07C5-404E-A267-36CD0E0371DB}.Release|x64.Build.0 = Release|Any CPU
		{9CC9920E-07C5-404E-A267-36CD0E0371DB}.Release|x86.ActiveCfg = Release|Any CPU
		{9CC9920E-07C5-404E-A267-36CD0E0371DB}.Release|x86.Build.0 = Release|Any CPU
		{8B1E8F5B-7256-4030-B813-315E9373511B}.Debug|Any CPU.ActiveCfg = Debug|Any CPU
		{8B1E8F5B-7256-4030-B813-315E9373511B}.Debug|Any CPU.Build.0 = Debug|Any CPU
		{8B1E8F5B-7256-4030-B813-315E9373511B}.Debug|x64.ActiveCfg = Debug|Any CPU
		{8B1E8F5B-7256-4030-B813-315E9373511B}.Debug|x64.Build.0 = Debug|Any CPU
		{8B1E8F5B-7256-4030-B813-315E9373511B}.Debug|x86.ActiveCfg = Debug|Any CPU
		{8B1E8F5B-7256-4030-B813-315E9373511B}.Debug|x86.Build.0 = Debug|Any CPU
		{8B1E8F5B-7256-4030-B813-315E9373511B}.Release|Any CPU.ActiveCfg = Release|Any CPU
		{8B1E8F5B-7256-4030-B813-315E9373511B}.Release|Any CPU.Build.0 = Release|Any CPU
		{8B1E8F5B-7256-4030-B813-315E9373511B}.Release|x64.ActiveCfg = Release|Any CPU
		{8B1E8F5B-7256-4030-B813-315E9373511B}.Release|x64.Build.0 = Release|Any CPU
		{8B1E8F5B-7256-4030-B813-315E9373511B}.Release|x86.ActiveCfg = Release|Any CPU
		{8B1E8F5B-7256-4030-B813-315E9373511B}.Release|x86.Build.0 = Release|Any CPU
	EndGlobalSection
	GlobalSection(NestedProjects) = preSolution
		{F4B9FF67-6605-4C50-8B8F-6B84456615FB} = {E0F2183E-4AE4-44F7-9517-A83617E75036}
		{9CC9920E-07C5-404E-A267-36CD0E0371DB} = {F4B9FF67-6605-4C50-8B8F-6B84456615FB}
		{2A2DE637-678B-4649-AD02-099CCB743513} = {5E2134E4-FE66-48B2-AD6A-BCFE7F6D8085}
		{8B1E8F5B-7256-4030-B813-315E9373511B} = {2A2DE637-678B-4649-AD02-099CCB743513}
	EndGlobalSection
EndGlobal
